
Microsoft Visual Studio Solution File, Format Version 12.00
# Visual Studio 15
VisualStudioVersion = 15.0.27130.2010
MinimumVisualStudioVersion = 10.0.40219.1
Project("{FAE04EC0-301F-11D3-BF4B-00C04F79EFBC}") = "EMC", "EMC\EMC.csproj", "{628467CF-66CE-479A-BF6D-0A3DB5924B8E}"
EndProject
Global
	GlobalSection(SolutionConfigurationPlatforms) = preSolution
		Debug|Any CPU = Debug|Any CPU
		Release|Any CPU = Release|Any CPU
	EndGlobalSection
	GlobalSection(ProjectConfigurationPlatforms) = postSolution
		{628467CF-66CE-479A-BF6D-0A3DB5924B8E}.Debug|Any CPU.ActiveCfg = Debug|Any CPU
		{628467CF-66CE-479A-BF6D-0A3DB5924B8E}.Debug|Any CPU.Build.0 = Debug|Any CPU
		{628467CF-66CE-479A-BF6D-0A3DB5924B8E}.Release|Any CPU.ActiveCfg = Release|Any CPU
		{628467CF-66CE-479A-BF6D-0A3DB5924B8E}.Release|Any CPU.Build.0 = Release|Any CPU
	EndGlobalSection
	GlobalSection(SolutionProperties) = preSolution
		HideSolutionNode = FALSE
	EndGlobalSection
	GlobalSection(ExtensibilityGlobals) = postSolution
		SolutionGuid = {19D3BF8C-AA3D-4C18-ACA7-2A5718623E4A}
	EndGlobalSection
EndGlobal
